
Microsoft Visual Studio Solution File, Format Version 12.00
# Visual Studio 2013
VisualStudioVersion = 12.0.21005.1
MinimumVisualStudioVersion = 10.0.40219.1
Project("{8BC9CEB8-8B4A-11D0-8D11-00A0C91BC942}") = "ICS51_TestApp_VS", "ICS51_TestApp_VS\ICS51_TestApp_VS.vcxproj", "{7D1CC2D7-40D7-48E9-A90D-2672F44563E6}"
EndProject
Global
	GlobalSection(SolutionConfigurationPlatforms) = preSolution
		Debug|Win32 = Debug|Win32
		Release|Win32 = Release|Win32
	EndGlobalSection
	GlobalSection(ProjectConfigurationPlatforms) = postSolution
		{7D1CC2D7-40D7-48E9-A90D-2672F44563E6}.Debug|Win32.ActiveCfg = Debug|Win32
		{7D1CC2D7-40D7-48E9-A90D-2672F44563E6}.Debug|Win32.Build.0 = Debug|Win32
		{7D1CC2D7-40D7-48E9-A90D-2672F44563E6}.Release|Win32.ActiveCfg = Release|Win32
		{7D1CC2D7-40D7-48E9-A90D-2672F44563E6}.Release|Win32.Build.0 = Release|Win32
	EndGlobalSection
	GlobalSection(SolutionProperties) = preSolution
		HideSolutionNode = FALSE
	EndGlobalSection
EndGlobal
